
Microsoft Visual Studio Solution File, Format Version 12.00
# Visual Studio Version 17
VisualStudioVersion = 17.7.34221.43
MinimumVisualStudioVersion = 10.0.40219.1
Project("{2150E333-8FDC-42A3-9474-1A3956D46DE8}") = "src", "src", "{22CD164E-02D2-4C47-A05B-D64A37B6350C}"
EndProject
Project("{2150E333-8FDC-42A3-9474-1A3956D46DE8}") = "Client", "Client", "{2070A367-B2D1-4EF7-8D8E-59C7DE58FFCD}"
EndProject
Project("{2150E333-8FDC-42A3-9474-1A3956D46DE8}") = "test", "test", "{497DEA75-21DB-4A7A-AA31-456F2A71A92E}"
EndProject
Project("{2150E333-8FDC-42A3-9474-1A3956D46DE8}") = "Services", "Services", "{40537957-0D89-45C4-9D1A-3D3A7072D0B0}"
EndProject
Project("{9A19103F-16F7-4668-BE54-9A1E7A4F7556}") = "OrderManagementSystem", "src\Services\OrderManagementSystem\OrderManagementSystem.csproj", "{0C31B635-23E2-491F-A47A-39E2F5E754FB}"
EndProject
Project("{9A19103F-16F7-4668-BE54-9A1E7A4F7556}") = "CrudClient", "CrudClient\CrudClient.csproj", "{9B4DD70C-8002-421C-9D09-596D072CBA1D}"
EndProject
Global
	GlobalSection(SolutionConfigurationPlatforms) = preSolution
		Debug|Any CPU = Debug|Any CPU
		Release|Any CPU = Release|Any CPU
	EndGlobalSection
	GlobalSection(ProjectConfigurationPlatforms) = postSolution
		{0C31B635-23E2-491F-A47A-39E2F5E754FB}.Debug|Any CPU.ActiveCfg = Debug|Any CPU
		{0C31B635-23E2-491F-A47A-39E2F5E754FB}.Debug|Any CPU.Build.0 = Debug|Any CPU
		{0C31B635-23E2-491F-A47A-39E2F5E754FB}.Release|Any CPU.ActiveCfg = Release|Any CPU
		{0C31B635-23E2-491F-A47A-39E2F5E754FB}.Release|Any CPU.Build.0 = Release|Any CPU
		{9B4DD70C-8002-421C-9D09-596D072CBA1D}.Debug|Any CPU.ActiveCfg = Debug|Any CPU
		{9B4DD70C-8002-421C-9D09-596D072CBA1D}.Debug|Any CPU.Build.0 = Debug|Any CPU
		{9B4DD70C-8002-421C-9D09-596D072CBA1D}.Release|Any CPU.ActiveCfg = Release|Any CPU
		{9B4DD70C-8002-421C-9D09-596D072CBA1D}.Release|Any CPU.Build.0 = Release|Any CPU
	EndGlobalSection
	GlobalSection(SolutionProperties) = preSolution
		HideSolutionNode = FALSE
	EndGlobalSection
	GlobalSection(NestedProjects) = preSolution
		{2070A367-B2D1-4EF7-8D8E-59C7DE58FFCD} = {22CD164E-02D2-4C47-A05B-D64A37B6350C}
		{40537957-0D89-45C4-9D1A-3D3A7072D0B0} = {22CD164E-02D2-4C47-A05B-D64A37B6350C}
		{0C31B635-23E2-491F-A47A-39E2F5E754FB} = {40537957-0D89-45C4-9D1A-3D3A7072D0B0}
		{9B4DD70C-8002-421C-9D09-596D072CBA1D} = {2070A367-B2D1-4EF7-8D8E-59C7DE58FFCD}
	EndGlobalSection
	GlobalSection(ExtensibilityGlobals) = postSolution
		SolutionGuid = {36DBF418-B64A-4380-ABB9-954D429AF0A0}
	EndGlobalSection
EndGlobal
